
Microsoft Visual Studio Solution File, Format Version 12.00
# Visual Studio Version 16
VisualStudioVersion = 16.0.31129.286
MinimumVisualStudioVersion = 10.0.40219.1
Project("{9A19103F-16F7-4668-BE54-9A1E7A4F7556}") = "Modpack-Server-Starter", "Modpack-Server-Starter\Modpack-Server-Starter.csproj", "{FEA7A66B-5C10-40B1-B471-C053767F1EAD}"
EndProject
Global
	GlobalSection(SolutionConfigurationPlatforms) = preSolution
		Debug|Any CPU = Debug|Any CPU
		Release|Any CPU = Release|Any CPU
	EndGlobalSection
	GlobalSection(ProjectConfigurationPlatforms) = postSolution
		{FEA7A66B-5C10-40B1-B471-C053767F1EAD}.Debug|Any CPU.ActiveCfg = Debug|Any CPU
		{FEA7A66B-5C10-40B1-B471-C053767F1EAD}.Debug|Any CPU.Build.0 = Debug|Any CPU
		{FEA7A66B-5C10-40B1-B471-C053767F1EAD}.Release|Any CPU.ActiveCfg = Release|Any CPU
		{FEA7A66B-5C10-40B1-B471-C053767F1EAD}.Release|Any CPU.Build.0 = Release|Any CPU
	EndGlobalSection
	GlobalSection(SolutionProperties) = preSolution
		HideSolutionNode = FALSE
	EndGlobalSection
	GlobalSection(ExtensibilityGlobals) = postSolution
		SolutionGuid = {169D8C9C-C809-42C6-9A2A-616F7EE26B70}
	EndGlobalSection
EndGlobal
